# This file is generated by running "yarn install" inside your project.
# Manual changes might be lost - proceed with caution!

__metadata:
  version: 6

"@yari-internal/get-locale@workspace:.":
  version: 0.0.0-use.local
  resolution: "@yari-internal/get-locale@workspace:."
  languageName: unknown
  linkType: soft
