# This file is generated by running "yarn install" inside your project.
# Manual changes might be lost - proceed with caution!

__metadata:
  version: 6
  cacheKey: 8

"@yari-internal/constants@file:../../../libs/constants::locator=%40yari-internal%2Fcontent-origin-request%40workspace%3A.":
  version: 0.0.1
  resolution: "@yari-internal/constants@file:../../../libs/constants#../../../libs/constants::hash=45ca56&locator=%40yari-internal%2Fcontent-origin-request%40workspace%3A."
  checksum: d4f480a620c8af8e994c5cffbb61dacecc7c4ab6a6a9f1d7abaeaeef70ee588954ea2cda7150281e6d83a211b8844f5081155c847e47b9841fc0a6e7db38a285
  languageName: node
  linkType: hard

"@yari-internal/content-origin-request@workspace:.":
  version: 0.0.0-use.local
  resolution: "@yari-internal/content-origin-request@workspace:."
  dependencies:
    "@yari-internal/constants": "file:../../../libs/constants"
    "@yari-internal/fundamental-redirects": "file:../../../libs/fundamental-redirects"
    "@yari-internal/get-locale": "file:../../../libs/get-locale"
    "@yari-internal/slug-utils": "file:../../../libs/slug-utils"
    accept-language-parser: ^1.5.0
    cookie: 0.5.0
    dotenv: ^16.0.1
    sanitize-filename: ^1.6.3
  languageName: unknown
  linkType: soft

"@yari-internal/fundamental-redirects@file:../../../libs/fundamental-redirects::locator=%40yari-internal%2Fcontent-origin-request%40workspace%3A.":
  version: 0.0.1
  resolution: "@yari-internal/fundamental-redirects@file:../../../libs/fundamental-redirects#../../../libs/fundamental-redirects::hash=a22a80&locator=%40yari-internal%2Fcontent-origin-request%40workspace%3A."
  checksum: 9e5c0f884227a61d896518f2d39461f3fa6e030f39b844055c2ad848a35f41b92b7bfea2d435ff45066c3ceae94caadc86841d81f7032c4cae09c658f359ee3e
  languageName: node
  linkType: hard

"@yari-internal/get-locale@file:../../../libs/get-locale::locator=%40yari-internal%2Fcontent-origin-request%40workspace%3A.":
  version: 0.0.1
  resolution: "@yari-internal/get-locale@file:../../../libs/get-locale#../../../libs/get-locale::hash=2d82d4&locator=%40yari-internal%2Fcontent-origin-request%40workspace%3A."
  checksum: 5d93c5028c2674e586b3ab806af397173f80c399d8e144a00f21f380cc1e0f3a7289d9f26f8d853df1b3349c729712a338ee5efb06d8c3793015ec356342f172
  languageName: node
  linkType: hard

"@yari-internal/slug-utils@file:../../../libs/slug-utils::locator=%40yari-internal%2Fcontent-origin-request%40workspace%3A.":
  version: 0.0.1
  resolution: "@yari-internal/slug-utils@file:../../../libs/slug-utils#../../../libs/slug-utils::hash=7210f5&locator=%40yari-internal%2Fcontent-origin-request%40workspace%3A."
  dependencies:
    sanitize-filename: ^1.6.3
  checksum: 0a07b58b7b1530ab1f76247e39127605e2a198f81b7b1c53c24efa97f4324036cb844483c377b2c2aa6fcd1d0d87abb590dd129928098ca0c21bbb73ddc3d1cd
  languageName: node
  linkType: hard

"accept-language-parser@npm:^1.5.0":
  version: 1.5.0
  resolution: "accept-language-parser@npm:1.5.0"
  checksum: e32124e500f67d30da7dd15462b3ff7a718df327ff8bd1c97ae02d8ee5cf0917a3f600bf3b171965b1f95fef480b96d36752f674eff2cb0069c276d9783d32f6
  languageName: node
  linkType: hard

"cookie@npm:0.5.0":
  version: 0.5.0
  resolution: "cookie@npm:0.5.0"
  checksum: 1f4bd2ca5765f8c9689a7e8954183f5332139eb72b6ff783d8947032ec1fdf43109852c178e21a953a30c0dd42257828185be01b49d1eb1a67fd054ca588a180
  languageName: node
  linkType: hard

"dotenv@npm:^16.0.1":
  version: 16.0.1
  resolution: "dotenv@npm:16.0.1"
  checksum: f459ffce07b977b7f15d8cc4ee69cdff77d4dd8c5dc8c85d2d485ee84655352c2415f9dd09d42b5b5985ced3be186130871b34e2f3e2569ebc72fbc2e8096792
  languageName: node
  linkType: hard

"sanitize-filename@npm:^1.6.3":
  version: 1.6.3
  resolution: "sanitize-filename@npm:1.6.3"
  dependencies:
    truncate-utf8-bytes: ^1.0.0
  checksum: aa733c012b7823cf65730603cf3b503c641cee6b239771d3164ca482f22d81a50e434a713938d994071db18e4202625669cc56bccc9d13d818b4c983b5f47fde
  languageName: node
  linkType: hard

"truncate-utf8-bytes@npm:^1.0.0":
  version: 1.0.2
  resolution: "truncate-utf8-bytes@npm:1.0.2"
  dependencies:
    utf8-byte-length: ^1.0.1
  checksum: ad097314709ea98444ad9c80c03aac8da805b894f37ceb5685c49ad297483afe3a5ec9572ebcaff699dda72b6cd447a2ba2a3fd10e96c2628cd16d94abeb328a
  languageName: node
  linkType: hard

"utf8-byte-length@npm:^1.0.1":
  version: 1.0.4
  resolution: "utf8-byte-length@npm:1.0.4"
  checksum: f188ca076ec094d58e7009fcc32623c5830c7f0f3e15802bfa4fdd1e759454a481fc4ac05e0fa83b7736e77af628a9ee0e57dcc89683d688fde3811473e42143
  languageName: node
  linkType: hard
