# This file is generated by running "yarn install" inside your project.
# Manual changes might be lost - proceed with caution!

__metadata:
  version: 6
  cacheKey: 8

"@discoveryjs/json-ext@npm:^0.5.0":
  version: 0.5.7
  resolution: "@discoveryjs/json-ext@npm:0.5.7"
  checksum: 2176d301cc258ea5c2324402997cf8134ebb212469c0d397591636cea8d3c02f2b3cf9fd58dcb748c7a0dade77ebdc1b10284fa63e608c033a1db52fddc69918
  languageName: node
  linkType: hard

"@types/dexie@npm:1.3.1":
  version: 1.3.1
  resolution: "@types/dexie@npm:1.3.1"
  dependencies:
    dexie: "*"
  checksum: ad59e8953458d95669cd4b0a41fa903385bd4f1e4d1970180eb0589a048c63f2784b513d5267c801a42a15c35da1643f43e50872f4e4a4f9be7c0eff754c3b86
  languageName: node
  linkType: hard

"@types/eslint-scope@npm:^3.7.3":
  version: 3.7.3
  resolution: "@types/eslint-scope@npm:3.7.3"
  dependencies:
    "@types/eslint": "*"
    "@types/estree": "*"
  checksum: 6772b05e1b92003d1f295e81bc847a61f4fbe8ddab77ffa49e84ed3f9552513bdde677eb53ef167753901282857dd1d604d9f82eddb34a233495932b2dc3dc17
  languageName: node
  linkType: hard

"@types/eslint@npm:*":
  version: 8.4.1
  resolution: "@types/eslint@npm:8.4.1"
  dependencies:
    "@types/estree": "*"
    "@types/json-schema": "*"
  checksum: b5790997ee9d3820d16350192d41849b0e2448c9e93650acac672ddf502e35c0a5a25547172a9eec840a96687cd94ba1cee672cbd86640f8f4ff1b65960d2ab9
  languageName: node
  linkType: hard

"@types/estree@npm:*, @types/estree@npm:^0.0.51":
  version: 0.0.51
  resolution: "@types/estree@npm:0.0.51"
  checksum: e56a3bcf759fd9185e992e7fdb3c6a5f81e8ff120e871641607581fb3728d16c811702a7d40fa5f869b7f7b4437ab6a87eb8d98ffafeee51e85bbe955932a189
  languageName: node
  linkType: hard

"@types/json-schema@npm:*, @types/json-schema@npm:^7.0.8":
  version: 7.0.9
  resolution: "@types/json-schema@npm:7.0.9"
  checksum: 259d0e25f11a21ba5c708f7ea47196bd396e379fddb79c76f9f4f62c945879dc21657904914313ec2754e443c5018ea8372362f323f30e0792897fdb2098a705
  languageName: node
  linkType: hard

"@types/node@npm:*":
  version: 17.0.21
  resolution: "@types/node@npm:17.0.21"
  checksum: 89dcd2fe82f21d3634266f8384e9c865cf8af49685639fbdbd799bdd1040480fb1e8eeda2d3b9fce41edbe704d2a4be9f427118c4ae872e8d9bb7cbeb3c41a94
  languageName: node
  linkType: hard

"@webassemblyjs/ast@npm:1.11.1":
  version: 1.11.1
  resolution: "@webassemblyjs/ast@npm:1.11.1"
  dependencies:
    "@webassemblyjs/helper-numbers": 1.11.1
    "@webassemblyjs/helper-wasm-bytecode": 1.11.1
  checksum: 1eee1534adebeece635362f8e834ae03e389281972611408d64be7895fc49f48f98fddbbb5339bf8a72cb101bcb066e8bca3ca1bf1ef47dadf89def0395a8d87
  languageName: node
  linkType: hard

"@webassemblyjs/floating-point-hex-parser@npm:1.11.1":
  version: 1.11.1
  resolution: "@webassemblyjs/floating-point-hex-parser@npm:1.11.1"
  checksum: b8efc6fa08e4787b7f8e682182d84dfdf8da9d9c77cae5d293818bc4a55c1f419a87fa265ab85252b3e6c1fd323d799efea68d825d341a7c365c64bc14750e97
  languageName: node
  linkType: hard

"@webassemblyjs/helper-api-error@npm:1.11.1":
  version: 1.11.1
  resolution: "@webassemblyjs/helper-api-error@npm:1.11.1"
  checksum: 0792813f0ed4a0e5ee0750e8b5d0c631f08e927f4bdfdd9fe9105dc410c786850b8c61bff7f9f515fdfb149903bec3c976a1310573a4c6866a94d49bc7271959
  languageName: node
  linkType: hard

"@webassemblyjs/helper-buffer@npm:1.11.1":
  version: 1.11.1
  resolution: "@webassemblyjs/helper-buffer@npm:1.11.1"
  checksum: a337ee44b45590c3a30db5a8b7b68a717526cf967ada9f10253995294dbd70a58b2da2165222e0b9830cd4fc6e4c833bf441a721128d1fe2e9a7ab26b36003ce
  languageName: node
  linkType: hard

"@webassemblyjs/helper-numbers@npm:1.11.1":
  version: 1.11.1
  resolution: "@webassemblyjs/helper-numbers@npm:1.11.1"
  dependencies:
    "@webassemblyjs/floating-point-hex-parser": 1.11.1
    "@webassemblyjs/helper-api-error": 1.11.1
    "@xtuc/long": 4.2.2
  checksum: 44d2905dac2f14d1e9b5765cf1063a0fa3d57295c6d8930f6c59a36462afecc6e763e8a110b97b342a0f13376166c5d41aa928e6ced92e2f06b071fd0db59d3a
  languageName: node
  linkType: hard

"@webassemblyjs/helper-wasm-bytecode@npm:1.11.1":
  version: 1.11.1
  resolution: "@webassemblyjs/helper-wasm-bytecode@npm:1.11.1"
  checksum: eac400113127832c88f5826bcc3ad1c0db9b3dbd4c51a723cfdb16af6bfcbceb608170fdaac0ab7731a7e18b291be7af68a47fcdb41cfe0260c10857e7413d97
  languageName: node
  linkType: hard

"@webassemblyjs/helper-wasm-section@npm:1.11.1":
  version: 1.11.1
  resolution: "@webassemblyjs/helper-wasm-section@npm:1.11.1"
  dependencies:
    "@webassemblyjs/ast": 1.11.1
    "@webassemblyjs/helper-buffer": 1.11.1
    "@webassemblyjs/helper-wasm-bytecode": 1.11.1
    "@webassemblyjs/wasm-gen": 1.11.1
  checksum: 617696cfe8ecaf0532763162aaf748eb69096fb27950219bb87686c6b2e66e11cd0614d95d319d0ab1904bc14ebe4e29068b12c3e7c5e020281379741fe4bedf
  languageName: node
  linkType: hard

"@webassemblyjs/ieee754@npm:1.11.1":
  version: 1.11.1
  resolution: "@webassemblyjs/ieee754@npm:1.11.1"
  dependencies:
    "@xtuc/ieee754": ^1.2.0
  checksum: 23a0ac02a50f244471631802798a816524df17e56b1ef929f0c73e3cde70eaf105a24130105c60aff9d64a24ce3b640dad443d6f86e5967f922943a7115022ec
  languageName: node
  linkType: hard

"@webassemblyjs/leb128@npm:1.11.1":
  version: 1.11.1
  resolution: "@webassemblyjs/leb128@npm:1.11.1"
  dependencies:
    "@xtuc/long": 4.2.2
  checksum: 33ccc4ade2f24de07bf31690844d0b1ad224304ee2062b0e464a610b0209c79e0b3009ac190efe0e6bd568b0d1578d7c3047fc1f9d0197c92fc061f56224ff4a
  languageName: node
  linkType: hard

"@webassemblyjs/utf8@npm:1.11.1":
  version: 1.11.1
  resolution: "@webassemblyjs/utf8@npm:1.11.1"
  checksum: 972c5cfc769d7af79313a6bfb96517253a270a4bf0c33ba486aa43cac43917184fb35e51dfc9e6b5601548cd5931479a42e42c89a13bb591ffabebf30c8a6a0b
  languageName: node
  linkType: hard

"@webassemblyjs/wasm-edit@npm:1.11.1":
  version: 1.11.1
  resolution: "@webassemblyjs/wasm-edit@npm:1.11.1"
  dependencies:
    "@webassemblyjs/ast": 1.11.1
    "@webassemblyjs/helper-buffer": 1.11.1
    "@webassemblyjs/helper-wasm-bytecode": 1.11.1
    "@webassemblyjs/helper-wasm-section": 1.11.1
    "@webassemblyjs/wasm-gen": 1.11.1
    "@webassemblyjs/wasm-opt": 1.11.1
    "@webassemblyjs/wasm-parser": 1.11.1
    "@webassemblyjs/wast-printer": 1.11.1
  checksum: 6d7d9efaec1227e7ef7585a5d7ff0be5f329f7c1c6b6c0e906b18ed2e9a28792a5635e450aca2d136770d0207225f204eff70a4b8fd879d3ac79e1dcc26dbeb9
  languageName: node
  linkType: hard

"@webassemblyjs/wasm-gen@npm:1.11.1":
  version: 1.11.1
  resolution: "@webassemblyjs/wasm-gen@npm:1.11.1"
  dependencies:
    "@webassemblyjs/ast": 1.11.1
    "@webassemblyjs/helper-wasm-bytecode": 1.11.1
    "@webassemblyjs/ieee754": 1.11.1
    "@webassemblyjs/leb128": 1.11.1
    "@webassemblyjs/utf8": 1.11.1
  checksum: 1f6921e640293bf99fb16b21e09acb59b340a79f986c8f979853a0ae9f0b58557534b81e02ea2b4ef11e929d946708533fd0693c7f3712924128fdafd6465f5b
  languageName: node
  linkType: hard

"@webassemblyjs/wasm-opt@npm:1.11.1":
  version: 1.11.1
  resolution: "@webassemblyjs/wasm-opt@npm:1.11.1"
  dependencies:
    "@webassemblyjs/ast": 1.11.1
    "@webassemblyjs/helper-buffer": 1.11.1
    "@webassemblyjs/wasm-gen": 1.11.1
    "@webassemblyjs/wasm-parser": 1.11.1
  checksum: 21586883a20009e2b20feb67bdc451bbc6942252e038aae4c3a08e6f67b6bae0f5f88f20bfc7bd0452db5000bacaf5ab42b98cf9aa034a6c70e9fc616142e1db
  languageName: node
  linkType: hard

"@webassemblyjs/wasm-parser@npm:1.11.1":
  version: 1.11.1
  resolution: "@webassemblyjs/wasm-parser@npm:1.11.1"
  dependencies:
    "@webassemblyjs/ast": 1.11.1
    "@webassemblyjs/helper-api-error": 1.11.1
    "@webassemblyjs/helper-wasm-bytecode": 1.11.1
    "@webassemblyjs/ieee754": 1.11.1
    "@webassemblyjs/leb128": 1.11.1
    "@webassemblyjs/utf8": 1.11.1
  checksum: 1521644065c360e7b27fad9f4bb2df1802d134dd62937fa1f601a1975cde56bc31a57b6e26408b9ee0228626ff3ba1131ae6f74ffb7d718415b6528c5a6dbfc2
  languageName: node
  linkType: hard

"@webassemblyjs/wast-printer@npm:1.11.1":
  version: 1.11.1
  resolution: "@webassemblyjs/wast-printer@npm:1.11.1"
  dependencies:
    "@webassemblyjs/ast": 1.11.1
    "@xtuc/long": 4.2.2
  checksum: f15ae4c2441b979a3b4fce78f3d83472fb22350c6dc3fd34bfe7c3da108e0b2360718734d961bba20e7716cb8578e964b870da55b035e209e50ec9db0378a3f7
  languageName: node
  linkType: hard

"@webpack-cli/configtest@npm:^1.1.1":
  version: 1.1.1
  resolution: "@webpack-cli/configtest@npm:1.1.1"
  peerDependencies:
    webpack: 4.x.x || 5.x.x
    webpack-cli: 4.x.x
  checksum: c4e7fca21315e487655fbdc7d079092c3f88b274a720d245ca2e13dce7553009fb3f9d82218c33f5c9b208832d72bb4114a9cca97d53b66212eff5da1d3ad44b
  languageName: node
  linkType: hard

"@webpack-cli/info@npm:^1.4.1":
  version: 1.4.1
  resolution: "@webpack-cli/info@npm:1.4.1"
  dependencies:
    envinfo: ^7.7.3
  peerDependencies:
    webpack-cli: 4.x.x
  checksum: 7a7cac2ba4f2528caa329311599da1685b1bc099bfc5b7210932b7c86024c1277fd7857b08557902b187ea01247a8e8f72f7f5719af72b0c8d97f22087aa0c14
  languageName: node
  linkType: hard

"@webpack-cli/serve@npm:^1.6.1":
  version: 1.6.1
  resolution: "@webpack-cli/serve@npm:1.6.1"
  peerDependencies:
    webpack-cli: 4.x.x
  peerDependenciesMeta:
    webpack-dev-server:
      optional: true
  checksum: 8b273f906aeffa60c7d5700ae25f98d4b66b7e922cad38acb9575d55ff83872cd20b9894aacfa81c4d54e5b51b16253ae0e70c5e9e0608dc8768276e15c74536
  languageName: node
  linkType: hard

"@xtuc/ieee754@npm:^1.2.0":
  version: 1.2.0
  resolution: "@xtuc/ieee754@npm:1.2.0"
  checksum: ac56d4ca6e17790f1b1677f978c0c6808b1900a5b138885d3da21732f62e30e8f0d9120fcf8f6edfff5100ca902b46f8dd7c1e3f903728634523981e80e2885a
  languageName: node
  linkType: hard

"@xtuc/long@npm:4.2.2":
  version: 4.2.2
  resolution: "@xtuc/long@npm:4.2.2"
  checksum: 8ed0d477ce3bc9c6fe2bf6a6a2cc316bb9c4127c5a7827bae947fa8ec34c7092395c5a283cc300c05b5fa01cbbfa1f938f410a7bf75db7c7846fea41949989ec
  languageName: node
  linkType: hard

"@zip.js/zip.js@npm:2.4.5":
  version: 2.4.5
  resolution: "@zip.js/zip.js@npm:2.4.5"
  checksum: c2d7d9a7b61f600c4e7d06f1d087076ddab11c7e235539573c86e83f2c3d0286c2fba7ebd23d577c15230fd6220234a5257d08516f2ce839c498f50a609baae8
  languageName: node
  linkType: hard

"acorn-import-assertions@npm:^1.7.6":
  version: 1.8.0
  resolution: "acorn-import-assertions@npm:1.8.0"
  peerDependencies:
    acorn: ^8
  checksum: 5c4cf7c850102ba7ae0eeae0deb40fb3158c8ca5ff15c0bca43b5c47e307a1de3d8ef761788f881343680ea374631ae9e9615ba8876fee5268dbe068c98bcba6
  languageName: node
  linkType: hard

"acorn@npm:^8.4.1, acorn@npm:^8.5.0":
  version: 8.7.0
  resolution: "acorn@npm:8.7.0"
  bin:
    acorn: bin/acorn
  checksum: e0f79409d68923fbf1aa6d4166f3eedc47955320d25c89a20cc822e6ba7c48c5963d5bc657bc242d68f7a4ac9faf96eef033e8f73656da6c640d4219935fdfd0
  languageName: node
  linkType: hard

"ajv-keywords@npm:^3.5.2":
  version: 3.5.2
  resolution: "ajv-keywords@npm:3.5.2"
  peerDependencies:
    ajv: ^6.9.1
  checksum: 7dc5e5931677a680589050f79dcbe1fefbb8fea38a955af03724229139175b433c63c68f7ae5f86cf8f65d55eb7c25f75a046723e2e58296707617ca690feae9
  languageName: node
  linkType: hard

"ajv@npm:^6.12.5":
  version: 6.12.6
  resolution: "ajv@npm:6.12.6"
  dependencies:
    fast-deep-equal: ^3.1.1
    fast-json-stable-stringify: ^2.0.0
    json-schema-traverse: ^0.4.1
    uri-js: ^4.2.2
  checksum: 874972efe5c4202ab0a68379481fbd3d1b5d0a7bd6d3cc21d40d3536ebff3352a2a1fabb632d4fd2cc7fe4cbdcd5ed6782084c9bbf7f32a1536d18f9da5007d4
  languageName: node
  linkType: hard

"ansi-styles@npm:^4.1.0":
  version: 4.3.0
  resolution: "ansi-styles@npm:4.3.0"
  dependencies:
    color-convert: ^2.0.1
  checksum: 513b44c3b2105dd14cc42a19271e80f386466c4be574bccf60b627432f9198571ebf4ab1e4c3ba17347658f4ee1711c163d574248c0c1cdc2d5917a0ad582ec4
  languageName: node
  linkType: hard

"braces@npm:^3.0.1":
  version: 3.0.2
  resolution: "braces@npm:3.0.2"
  dependencies:
    fill-range: ^7.0.1
  checksum: e2a8e769a863f3d4ee887b5fe21f63193a891c68b612ddb4b68d82d1b5f3ff9073af066c343e9867a393fe4c2555dcb33e89b937195feb9c1613d259edfcd459
  languageName: node
  linkType: hard

"browserslist@npm:^4.14.5":
  version: 4.20.0
  resolution: "browserslist@npm:4.20.0"
  dependencies:
    caniuse-lite: ^1.0.30001313
    electron-to-chromium: ^1.4.76
    escalade: ^3.1.1
    node-releases: ^2.0.2
    picocolors: ^1.0.0
  bin:
    browserslist: cli.js
  checksum: 6d77f54bd43e7e1b86c3f10a3aa84b6c198f2ecc8b345ebd42cb9feb1c143554ad62a0eaf1365f28d14589a4d1fb12b367ade3798fa493dab5cff4ca525384aa
  languageName: node
  linkType: hard

"buffer-from@npm:^1.0.0":
  version: 1.1.2
  resolution: "buffer-from@npm:1.1.2"
  checksum: 0448524a562b37d4d7ed9efd91685a5b77a50672c556ea254ac9a6d30e3403a517d8981f10e565db24e8339413b43c97ca2951f10e399c6125a0d8911f5679bb
  languageName: node
  linkType: hard

"caniuse-lite@npm:^1.0.30001313":
  version: 1.0.30001314
  resolution: "caniuse-lite@npm:1.0.30001314"
  checksum: d82e1b8b287b1b2d2ed25c4495fe293276853dd9c77553c722929a6142fc49b3dd5ea21a95f6410d93319434a5bd071c304ea92e93debbcf292a9156cf08b35d
  languageName: node
  linkType: hard

"chalk@npm:^4.1.0":
  version: 4.1.2
  resolution: "chalk@npm:4.1.2"
  dependencies:
    ansi-styles: ^4.1.0
    supports-color: ^7.1.0
  checksum: fe75c9d5c76a7a98d45495b91b2172fa3b7a09e0cc9370e5c8feb1c567b85c4288e2b3fded7cfdd7359ac28d6b3844feb8b82b8686842e93d23c827c417e83fc
  languageName: node
  linkType: hard

"chrome-trace-event@npm:^1.0.2":
  version: 1.0.3
  resolution: "chrome-trace-event@npm:1.0.3"
  checksum: cb8b1fc7e881aaef973bd0c4a43cd353c2ad8323fb471a041e64f7c2dd849cde4aad15f8b753331a32dda45c973f032c8a03b8177fc85d60eaa75e91e08bfb97
  languageName: node
  linkType: hard

"clone-deep@npm:^4.0.1":
  version: 4.0.1
  resolution: "clone-deep@npm:4.0.1"
  dependencies:
    is-plain-object: ^2.0.4
    kind-of: ^6.0.2
    shallow-clone: ^3.0.0
  checksum: 770f912fe4e6f21873c8e8fbb1e99134db3b93da32df271d00589ea4a29dbe83a9808a322c93f3bcaf8584b8b4fa6fc269fc8032efbaa6728e0c9886c74467d2
  languageName: node
  linkType: hard

"color-convert@npm:^2.0.1":
  version: 2.0.1
  resolution: "color-convert@npm:2.0.1"
  dependencies:
    color-name: ~1.1.4
  checksum: 79e6bdb9fd479a205c71d89574fccfb22bd9053bd98c6c4d870d65c132e5e904e6034978e55b43d69fcaa7433af2016ee203ce76eeba9cfa554b373e7f7db336
  languageName: node
  linkType: hard

"color-name@npm:~1.1.4":
  version: 1.1.4
  resolution: "color-name@npm:1.1.4"
  checksum: b0445859521eb4021cd0fb0cc1a75cecf67fceecae89b63f62b201cca8d345baf8b952c966862a9d9a2632987d4f6581f0ec8d957dfacece86f0a7919316f610
  languageName: node
  linkType: hard

"colorette@npm:^2.0.14":
  version: 2.0.16
  resolution: "colorette@npm:2.0.16"
  checksum: cd55596a3a2d1071c1a28eee7fd8a5387593ff1bd10a3e8d0a6221499311fe34a9f2b9272d77c391e0e003dcdc8934fb2f8d106e7ef1f7516f8060c901d41a27
  languageName: node
  linkType: hard

"commander@npm:^2.20.0":
  version: 2.20.3
  resolution: "commander@npm:2.20.3"
  checksum: ab8c07884e42c3a8dbc5dd9592c606176c7eb5c1ca5ff274bcf907039b2c41de3626f684ea75ccf4d361ba004bbaff1f577d5384c155f3871e456bdf27becf9e
  languageName: node
  linkType: hard

"commander@npm:^7.0.0":
  version: 7.2.0
  resolution: "commander@npm:7.2.0"
  checksum: 53501cbeee61d5157546c0bef0fedb6cdfc763a882136284bed9a07225f09a14b82d2a84e7637edfd1a679fb35ed9502fd58ef1d091e6287f60d790147f68ddc
  languageName: node
  linkType: hard

"cross-spawn@npm:^7.0.3":
  version: 7.0.3
  resolution: "cross-spawn@npm:7.0.3"
  dependencies:
    path-key: ^3.1.0
    shebang-command: ^2.0.0
    which: ^2.0.1
  checksum: 671cc7c7288c3a8406f3c69a3ae2fc85555c04169e9d611def9a675635472614f1c0ed0ef80955d5b6d4e724f6ced67f0ad1bb006c2ea643488fcfef994d7f52
  languageName: node
  linkType: hard

"dexie@npm:*, dexie@npm:3.2.2":
  version: 3.2.2
  resolution: "dexie@npm:3.2.2"
  checksum: 7a21079f7ab139ebd724a009917f9293f2b01c341e2a3cd51d2455dda4d4e78b9ca7de0373e963108395cf1921ce7f6556cac967c1e957005a3c7c11794ceccf
  languageName: node
  linkType: hard

"electron-to-chromium@npm:^1.4.76":
  version: 1.4.80
  resolution: "electron-to-chromium@npm:1.4.80"
  checksum: 3dc3d1504b991243759c633b42b0f0a88860d91c23af0b3b5d510f277d2b1fb73de0b25c502f00717f4c67386a3d599f596a6eb9ecdc95414ff8b559636b4f64
  languageName: node
  linkType: hard

"enhanced-resolve@npm:^5.0.0, enhanced-resolve@npm:^5.9.2":
  version: 5.9.2
  resolution: "enhanced-resolve@npm:5.9.2"
  dependencies:
    graceful-fs: ^4.2.4
    tapable: ^2.2.0
  checksum: 792b7a01abb4ee4433b658c71f92d5948675938e0c03cad1732abe843b87395f15cb880ace4f819f78ead94163278283afc79b8be63c0eddca8ab45f7d8c515d
  languageName: node
  linkType: hard

"envinfo@npm:^7.7.3":
  version: 7.8.1
  resolution: "envinfo@npm:7.8.1"
  bin:
    envinfo: dist/cli.js
  checksum: de736c98d6311c78523628ff127af138451b162e57af5293c1b984ca821d0aeb9c849537d2fde0434011bed33f6bca5310ca2aab8a51a3f28fc719e89045d648
  languageName: node
  linkType: hard

"es-module-lexer@npm:^0.9.0":
  version: 0.9.3
  resolution: "es-module-lexer@npm:0.9.3"
  checksum: 84bbab23c396281db2c906c766af58b1ae2a1a2599844a504df10b9e8dc77ec800b3211fdaa133ff700f5703d791198807bba25d9667392d27a5e9feda344da8
  languageName: node
  linkType: hard

"escalade@npm:^3.1.1":
  version: 3.1.1
  resolution: "escalade@npm:3.1.1"
  checksum: a3e2a99f07acb74b3ad4989c48ca0c3140f69f923e56d0cba0526240ee470b91010f9d39001f2a4a313841d237ede70a729e92125191ba5d21e74b106800b133
  languageName: node
  linkType: hard

"eslint-scope@npm:5.1.1":
  version: 5.1.1
  resolution: "eslint-scope@npm:5.1.1"
  dependencies:
    esrecurse: ^4.3.0
    estraverse: ^4.1.1
  checksum: 47e4b6a3f0cc29c7feedee6c67b225a2da7e155802c6ea13bbef4ac6b9e10c66cd2dcb987867ef176292bf4e64eccc680a49e35e9e9c669f4a02bac17e86abdb
  languageName: node
  linkType: hard

"esrecurse@npm:^4.3.0":
  version: 4.3.0
  resolution: "esrecurse@npm:4.3.0"
  dependencies:
    estraverse: ^5.2.0
  checksum: ebc17b1a33c51cef46fdc28b958994b1dc43cd2e86237515cbc3b4e5d2be6a811b2315d0a1a4d9d340b6d2308b15322f5c8291059521cc5f4802f65e7ec32837
  languageName: node
  linkType: hard

"estraverse@npm:^4.1.1":
  version: 4.3.0
  resolution: "estraverse@npm:4.3.0"
  checksum: a6299491f9940bb246124a8d44b7b7a413a8336f5436f9837aaa9330209bd9ee8af7e91a654a3545aee9c54b3308e78ee360cef1d777d37cfef77d2fa33b5827
  languageName: node
  linkType: hard

"estraverse@npm:^5.2.0":
  version: 5.3.0
  resolution: "estraverse@npm:5.3.0"
  checksum: 072780882dc8416ad144f8fe199628d2b3e7bbc9989d9ed43795d2c90309a2047e6bc5979d7e2322a341163d22cfad9e21f4110597fe487519697389497e4e2b
  languageName: node
  linkType: hard

"events@npm:^3.2.0":
  version: 3.3.0
  resolution: "events@npm:3.3.0"
  checksum: f6f487ad2198aa41d878fa31452f1a3c00958f46e9019286ff4787c84aac329332ab45c9cdc8c445928fc6d7ded294b9e005a7fce9426488518017831b272780
  languageName: node
  linkType: hard

"execa@npm:^5.0.0":
  version: 5.1.1
  resolution: "execa@npm:5.1.1"
  dependencies:
    cross-spawn: ^7.0.3
    get-stream: ^6.0.0
    human-signals: ^2.1.0
    is-stream: ^2.0.0
    merge-stream: ^2.0.0
    npm-run-path: ^4.0.1
    onetime: ^5.1.2
    signal-exit: ^3.0.3
    strip-final-newline: ^2.0.0
  checksum: fba9022c8c8c15ed862847e94c252b3d946036d7547af310e344a527e59021fd8b6bb0723883ea87044dc4f0201f949046993124a42ccb0855cae5bf8c786343
  languageName: node
  linkType: hard

"fast-deep-equal@npm:^3.1.1":
  version: 3.1.3
  resolution: "fast-deep-equal@npm:3.1.3"
  checksum: e21a9d8d84f53493b6aa15efc9cfd53dd5b714a1f23f67fb5dc8f574af80df889b3bce25dc081887c6d25457cce704e636395333abad896ccdec03abaf1f3f9d
  languageName: node
  linkType: hard

"fast-json-stable-stringify@npm:^2.0.0":
  version: 2.1.0
  resolution: "fast-json-stable-stringify@npm:2.1.0"
  checksum: b191531e36c607977e5b1c47811158733c34ccb3bfde92c44798929e9b4154884378536d26ad90dfecd32e1ffc09c545d23535ad91b3161a27ddbb8ebe0cbecb
  languageName: node
  linkType: hard

"fastest-levenshtein@npm:^1.0.12":
  version: 1.0.12
  resolution: "fastest-levenshtein@npm:1.0.12"
  checksum: e1a013698dd1d302c7a78150130c7d50bb678c2c2f8839842a796d66cc7cdf50ea6b3d7ca930b0c8e7e8c2cd84fea8ab831023b382f7aab6922c318c1451beab
  languageName: node
  linkType: hard

"fill-range@npm:^7.0.1":
  version: 7.0.1
  resolution: "fill-range@npm:7.0.1"
  dependencies:
    to-regex-range: ^5.0.1
  checksum: cc283f4e65b504259e64fd969bcf4def4eb08d85565e906b7d36516e87819db52029a76b6363d0f02d0d532f0033c9603b9e2d943d56ee3b0d4f7ad3328ff917
  languageName: node
  linkType: hard

"find-up@npm:^4.0.0":
  version: 4.1.0
  resolution: "find-up@npm:4.1.0"
  dependencies:
    locate-path: ^5.0.0
    path-exists: ^4.0.0
  checksum: 4c172680e8f8c1f78839486e14a43ef82e9decd0e74145f40707cc42e7420506d5ec92d9a11c22bd2c48fb0c384ea05dd30e10dd152fefeec6f2f75282a8b844
  languageName: node
  linkType: hard

"function-bind@npm:^1.1.1":
  version: 1.1.1
  resolution: "function-bind@npm:1.1.1"
  checksum: b32fbaebb3f8ec4969f033073b43f5c8befbb58f1a79e12f1d7490358150359ebd92f49e72ff0144f65f2c48ea2a605bff2d07965f548f6474fd8efd95bf361a
  languageName: node
  linkType: hard

"get-stream@npm:^6.0.0":
  version: 6.0.1
  resolution: "get-stream@npm:6.0.1"
  checksum: e04ecece32c92eebf5b8c940f51468cd53554dcbb0ea725b2748be583c9523d00128137966afce410b9b051eb2ef16d657cd2b120ca8edafcf5a65e81af63cad
  languageName: node
  linkType: hard

"glob-to-regexp@npm:^0.4.1":
  version: 0.4.1
  resolution: "glob-to-regexp@npm:0.4.1"
  checksum: e795f4e8f06d2a15e86f76e4d92751cf8bbfcf0157cea5c2f0f35678a8195a750b34096b1256e436f0cebc1883b5ff0888c47348443e69546a5a87f9e1eb1167
  languageName: node
  linkType: hard

"graceful-fs@npm:^4.1.2, graceful-fs@npm:^4.2.4, graceful-fs@npm:^4.2.9":
  version: 4.2.9
  resolution: "graceful-fs@npm:4.2.9"
  checksum: 68ea4e07ff2c041ada184f9278b830375f8e0b75154e3f080af6b70f66172fabb4108d19b3863a96b53fc068a310b9b6493d86d1291acc5f3861eb4b79d26ad6
  languageName: node
  linkType: hard

"has-flag@npm:^4.0.0":
  version: 4.0.0
  resolution: "has-flag@npm:4.0.0"
  checksum: 261a1357037ead75e338156b1f9452c016a37dcd3283a972a30d9e4a87441ba372c8b81f818cd0fbcd9c0354b4ae7e18b9e1afa1971164aef6d18c2b6095a8ad
  languageName: node
  linkType: hard

"has@npm:^1.0.3":
  version: 1.0.3
  resolution: "has@npm:1.0.3"
  dependencies:
    function-bind: ^1.1.1
  checksum: b9ad53d53be4af90ce5d1c38331e712522417d017d5ef1ebd0507e07c2fbad8686fffb8e12ddecd4c39ca9b9b47431afbb975b8abf7f3c3b82c98e9aad052792
  languageName: node
  linkType: hard

"human-signals@npm:^2.1.0":
  version: 2.1.0
  resolution: "human-signals@npm:2.1.0"
  checksum: b87fd89fce72391625271454e70f67fe405277415b48bcc0117ca73d31fa23a4241787afdc8d67f5a116cf37258c052f59ea82daffa72364d61351423848e3b8
  languageName: node
  linkType: hard

"import-local@npm:^3.0.2":
  version: 3.1.0
  resolution: "import-local@npm:3.1.0"
  dependencies:
    pkg-dir: ^4.2.0
    resolve-cwd: ^3.0.0
  bin:
    import-local-fixture: fixtures/cli.js
  checksum: bfcdb63b5e3c0e245e347f3107564035b128a414c4da1172a20dc67db2504e05ede4ac2eee1252359f78b0bfd7b19ef180aec427c2fce6493ae782d73a04cddd
  languageName: node
  linkType: hard

"interpret@npm:^2.2.0":
  version: 2.2.0
  resolution: "interpret@npm:2.2.0"
  checksum: f51efef7cb8d02da16408ffa3504cd6053014c5aeb7bb8c223727e053e4235bf565e45d67028b0c8740d917c603807aa3c27d7bd2f21bf20b6417e2bb3e5fd6e
  languageName: node
  linkType: hard

"is-core-module@npm:^2.8.1":
  version: 2.8.1
  resolution: "is-core-module@npm:2.8.1"
  dependencies:
    has: ^1.0.3
  checksum: 418b7bc10768a73c41c7ef497e293719604007f88934a6ffc5f7c78702791b8528102fb4c9e56d006d69361549b3d9519440214a74aefc7e0b79e5e4411d377f
  languageName: node
  linkType: hard

"is-number@npm:^7.0.0":
  version: 7.0.0
  resolution: "is-number@npm:7.0.0"
  checksum: 456ac6f8e0f3111ed34668a624e45315201dff921e5ac181f8ec24923b99e9f32ca1a194912dc79d539c97d33dba17dc635202ff0b2cf98326f608323276d27a
  languageName: node
  linkType: hard

"is-plain-object@npm:^2.0.4":
  version: 2.0.4
  resolution: "is-plain-object@npm:2.0.4"
  dependencies:
    isobject: ^3.0.1
  checksum: 2a401140cfd86cabe25214956ae2cfee6fbd8186809555cd0e84574f88de7b17abacb2e477a6a658fa54c6083ecbda1e6ae404c7720244cd198903848fca70ca
  languageName: node
  linkType: hard

"is-stream@npm:^2.0.0":
  version: 2.0.1
  resolution: "is-stream@npm:2.0.1"
  checksum: b8e05ccdf96ac330ea83c12450304d4a591f9958c11fd17bed240af8d5ffe08aedafa4c0f4cfccd4d28dc9d4d129daca1023633d5c11601a6cbc77521f6fae66
  languageName: node
  linkType: hard

"is-wsl@npm:^1.1.0":
  version: 1.1.0
  resolution: "is-wsl@npm:1.1.0"
  checksum: ea157d232351e68c92bd62fc541771096942fe72f69dff452dd26dcc31466258c570a3b04b8cda2e01cd2968255b02951b8670d08ea4ed76d6b1a646061ac4fe
  languageName: node
  linkType: hard

"isexe@npm:^2.0.0":
  version: 2.0.0
  resolution: "isexe@npm:2.0.0"
  checksum: 26bf6c5480dda5161c820c5b5c751ae1e766c587b1f951ea3fcfc973bafb7831ae5b54a31a69bd670220e42e99ec154475025a468eae58ea262f813fdc8d1c62
  languageName: node
  linkType: hard

"isobject@npm:^3.0.1":
  version: 3.0.1
  resolution: "isobject@npm:3.0.1"
  checksum: db85c4c970ce30693676487cca0e61da2ca34e8d4967c2e1309143ff910c207133a969f9e4ddb2dc6aba670aabce4e0e307146c310350b298e74a31f7d464703
  languageName: node
  linkType: hard

"jest-worker@npm:^27.4.5":
  version: 27.5.1
  resolution: "jest-worker@npm:27.5.1"
  dependencies:
    "@types/node": "*"
    merge-stream: ^2.0.0
    supports-color: ^8.0.0
  checksum: 98cd68b696781caed61c983a3ee30bf880b5bd021c01d98f47b143d4362b85d0737f8523761e2713d45e18b4f9a2b98af1eaee77afade4111bb65c77d6f7c980
  languageName: node
  linkType: hard

"json-parse-better-errors@npm:^1.0.2":
  version: 1.0.2
  resolution: "json-parse-better-errors@npm:1.0.2"
  checksum: ff2b5ba2a70e88fd97a3cb28c1840144c5ce8fae9cbeeddba15afa333a5c407cf0e42300cd0a2885dbb055227fe68d405070faad941beeffbfde9cf3b2c78c5d
  languageName: node
  linkType: hard

"json-schema-traverse@npm:^0.4.1":
  version: 0.4.1
  resolution: "json-schema-traverse@npm:0.4.1"
  checksum: 7486074d3ba247769fda17d5181b345c9fb7d12e0da98b22d1d71a5db9698d8b4bd900a3ec1a4ffdd60846fc2556274a5c894d0c48795f14cb03aeae7b55260b
  languageName: node
  linkType: hard

"kind-of@npm:^6.0.2":
  version: 6.0.3
  resolution: "kind-of@npm:6.0.3"
  checksum: 3ab01e7b1d440b22fe4c31f23d8d38b4d9b91d9f291df683476576493d5dfd2e03848a8b05813dd0c3f0e835bc63f433007ddeceb71f05cb25c45ae1b19c6d3b
  languageName: node
  linkType: hard

"loader-runner@npm:^4.2.0":
  version: 4.2.0
  resolution: "loader-runner@npm:4.2.0"
  checksum: e61aea8b6904b8af53d9de6f0484da86c462c0001f4511bedc837cec63deb9475cea813db62f702cd7930420ccb0e75c78112270ca5c8b61b374294f53c0cb3a
  languageName: node
  linkType: hard

"locate-path@npm:^5.0.0":
  version: 5.0.0
  resolution: "locate-path@npm:5.0.0"
  dependencies:
    p-locate: ^4.1.0
  checksum: 83e51725e67517287d73e1ded92b28602e3ae5580b301fe54bfb76c0c723e3f285b19252e375712316774cf52006cb236aed5704692c32db0d5d089b69696e30
  languageName: node
  linkType: hard

"lru-cache@npm:^6.0.0":
  version: 6.0.0
  resolution: "lru-cache@npm:6.0.0"
  dependencies:
    yallist: ^4.0.0
  checksum: f97f499f898f23e4585742138a22f22526254fdba6d75d41a1c2526b3b6cc5747ef59c5612ba7375f42aca4f8461950e925ba08c991ead0651b4918b7c978297
  languageName: node
  linkType: hard

"mdn-worker@workspace:.":
  version: 0.0.0-use.local
  resolution: "mdn-worker@workspace:."
  dependencies:
    "@types/dexie": 1.3.1
    "@zip.js/zip.js": 2.4.5
    dexie: 3.2.2
    ts-loader: ^9.2.7
    typescript: ^4.6.2
    webpack: ^5.70.0
    webpack-cli: ^4.9.2
    workers-preview: ^1.0.6
  languageName: unknown
  linkType: soft

"merge-stream@npm:^2.0.0":
  version: 2.0.0
  resolution: "merge-stream@npm:2.0.0"
  checksum: 6fa4dcc8d86629705cea944a4b88ef4cb0e07656ebf223fa287443256414283dd25d91c1cd84c77987f2aec5927af1a9db6085757cb43d90eb170ebf4b47f4f4
  languageName: node
  linkType: hard

"micromatch@npm:^4.0.0":
  version: 4.0.4
  resolution: "micromatch@npm:4.0.4"
  dependencies:
    braces: ^3.0.1
    picomatch: ^2.2.3
  checksum: ef3d1c88e79e0a68b0e94a03137676f3324ac18a908c245a9e5936f838079fcc108ac7170a5fadc265a9c2596963462e402841406bda1a4bb7b68805601d631c
  languageName: node
  linkType: hard

"mime-db@npm:1.51.0":
  version: 1.51.0
  resolution: "mime-db@npm:1.51.0"
  checksum: 613b1ac9d6e725cc24444600b124a7f1ce6c60b1baa654f39a3e260d0995a6dffc5693190217e271af7e2a5612dae19f2a73f3e316707d797a7391165f7ef423
  languageName: node
  linkType: hard

"mime-types@npm:^2.1.27":
  version: 2.1.34
  resolution: "mime-types@npm:2.1.34"
  dependencies:
    mime-db: 1.51.0
  checksum: 67013de9e9d6799bde6d669d18785b7e18bcd212e710d3e04a4727f92f67a8ad4e74aee24be28b685adb794944814bde649119b58ee3282ffdbee58f9278d9f3
  languageName: node
  linkType: hard

"mimic-fn@npm:^2.1.0":
  version: 2.1.0
  resolution: "mimic-fn@npm:2.1.0"
  checksum: d2421a3444848ce7f84bd49115ddacff29c15745db73f54041edc906c14b131a38d05298dae3081667627a59b2eb1ca4b436ff2e1b80f69679522410418b478a
  languageName: node
  linkType: hard

"neo-async@npm:^2.6.2":
  version: 2.6.2
  resolution: "neo-async@npm:2.6.2"
  checksum: deac9f8d00eda7b2e5cd1b2549e26e10a0faa70adaa6fdadca701cc55f49ee9018e427f424bac0c790b7c7e2d3068db97f3093f1093975f2acb8f8818b936ed9
  languageName: node
  linkType: hard

"node-releases@npm:^2.0.2":
  version: 2.0.2
  resolution: "node-releases@npm:2.0.2"
  checksum: da858bf86b4d512842379749f5a5e4196ddab05ba18ffcf29f05bf460beceaca927f070f4430bb5046efec18941ddbc85e4c5fdbb83afc28a38dd6069a2f255e
  languageName: node
  linkType: hard

"npm-run-path@npm:^4.0.1":
  version: 4.0.1
  resolution: "npm-run-path@npm:4.0.1"
  dependencies:
    path-key: ^3.0.0
  checksum: 5374c0cea4b0bbfdfae62da7bbdf1e1558d338335f4cacf2515c282ff358ff27b2ecb91ffa5330a8b14390ac66a1e146e10700440c1ab868208430f56b5f4d23
  languageName: node
  linkType: hard

"onetime@npm:^5.1.2":
  version: 5.1.2
  resolution: "onetime@npm:5.1.2"
  dependencies:
    mimic-fn: ^2.1.0
  checksum: 2478859ef817fc5d4e9c2f9e5728512ddd1dbc9fb7829ad263765bb6d3b91ce699d6e2332eef6b7dff183c2f490bd3349f1666427eaba4469fba0ac38dfd0d34
  languageName: node
  linkType: hard

"opn@npm:^5.3.0":
  version: 5.5.0
  resolution: "opn@npm:5.5.0"
  dependencies:
    is-wsl: ^1.1.0
  checksum: 35b677b5a1fd6c8cb1996b0607671ba79f7ce9fa029217d54eafaf6bee13eb7e700691c6a415009140fd02a435fffdfd143875f3b233b60f3f9d631c6f6b81a0
  languageName: node
  linkType: hard

"p-limit@npm:^2.2.0":
  version: 2.3.0
  resolution: "p-limit@npm:2.3.0"
  dependencies:
    p-try: ^2.0.0
  checksum: 84ff17f1a38126c3314e91ecfe56aecbf36430940e2873dadaa773ffe072dc23b7af8e46d4b6485d302a11673fe94c6b67ca2cfbb60c989848b02100d0594ac1
  languageName: node
  linkType: hard

"p-locate@npm:^4.1.0":
  version: 4.1.0
  resolution: "p-locate@npm:4.1.0"
  dependencies:
    p-limit: ^2.2.0
  checksum: 513bd14a455f5da4ebfcb819ef706c54adb09097703de6aeaa5d26fe5ea16df92b48d1ac45e01e3944ce1e6aa2a66f7f8894742b8c9d6e276e16cd2049a2b870
  languageName: node
  linkType: hard

"p-try@npm:^2.0.0":
  version: 2.2.0
  resolution: "p-try@npm:2.2.0"
  checksum: f8a8e9a7693659383f06aec604ad5ead237c7a261c18048a6e1b5b85a5f8a067e469aa24f5bc009b991ea3b058a87f5065ef4176793a200d4917349881216cae
  languageName: node
  linkType: hard

"path-exists@npm:^4.0.0":
  version: 4.0.0
  resolution: "path-exists@npm:4.0.0"
  checksum: 505807199dfb7c50737b057dd8d351b82c033029ab94cb10a657609e00c1bc53b951cfdbccab8de04c5584d5eff31128ce6afd3db79281874a5ef2adbba55ed1
  languageName: node
  linkType: hard

"path-key@npm:^3.0.0, path-key@npm:^3.1.0":
  version: 3.1.1
  resolution: "path-key@npm:3.1.1"
  checksum: 55cd7a9dd4b343412a8386a743f9c746ef196e57c823d90ca3ab917f90ab9f13dd0ded27252ba49dbdfcab2b091d998bc446f6220cd3cea65db407502a740020
  languageName: node
  linkType: hard

"path-parse@npm:^1.0.7":
  version: 1.0.7
  resolution: "path-parse@npm:1.0.7"
  checksum: 49abf3d81115642938a8700ec580da6e830dde670be21893c62f4e10bd7dd4c3742ddc603fe24f898cba7eb0c6bc1777f8d9ac14185d34540c6d4d80cd9cae8a
  languageName: node
  linkType: hard

"picocolors@npm:^1.0.0":
  version: 1.0.0
  resolution: "picocolors@npm:1.0.0"
  checksum: a2e8092dd86c8396bdba9f2b5481032848525b3dc295ce9b57896f931e63fc16f79805144321f72976383fc249584672a75cc18d6777c6b757603f372f745981
  languageName: node
  linkType: hard

"picomatch@npm:^2.2.3":
  version: 2.3.1
  resolution: "picomatch@npm:2.3.1"
  checksum: 050c865ce81119c4822c45d3c84f1ced46f93a0126febae20737bd05ca20589c564d6e9226977df859ed5e03dc73f02584a2b0faad36e896936238238b0446cf
  languageName: node
  linkType: hard

"pkg-dir@npm:^4.2.0":
  version: 4.2.0
  resolution: "pkg-dir@npm:4.2.0"
  dependencies:
    find-up: ^4.0.0
  checksum: 9863e3f35132bf99ae1636d31ff1e1e3501251d480336edb1c211133c8d58906bed80f154a1d723652df1fda91e01c7442c2eeaf9dc83157c7ae89087e43c8d6
  languageName: node
  linkType: hard

"punycode@npm:^2.1.0":
  version: 2.1.1
  resolution: "punycode@npm:2.1.1"
  checksum: 823bf443c6dd14f669984dea25757b37993f67e8d94698996064035edd43bed8a5a17a9f12e439c2b35df1078c6bec05a6c86e336209eb1061e8025c481168e8
  languageName: node
  linkType: hard

"randombytes@npm:^2.1.0":
  version: 2.1.0
  resolution: "randombytes@npm:2.1.0"
  dependencies:
    safe-buffer: ^5.1.0
  checksum: d779499376bd4cbb435ef3ab9a957006c8682f343f14089ed5f27764e4645114196e75b7f6abf1cbd84fd247c0cb0651698444df8c9bf30e62120fbbc52269d6
  languageName: node
  linkType: hard

"rechoir@npm:^0.7.0":
  version: 0.7.1
  resolution: "rechoir@npm:0.7.1"
  dependencies:
    resolve: ^1.9.0
  checksum: 2a04aab4e28c05fcd6ee6768446bc8b859d8f108e71fc7f5bcbc5ef25e53330ce2c11d10f82a24591a2df4c49c4f61feabe1fd11f844c66feedd4cd7bb61146a
  languageName: node
  linkType: hard

"resolve-cwd@npm:^3.0.0":
  version: 3.0.0
  resolution: "resolve-cwd@npm:3.0.0"
  dependencies:
    resolve-from: ^5.0.0
  checksum: 546e0816012d65778e580ad62b29e975a642989108d9a3c5beabfb2304192fa3c9f9146fbdfe213563c6ff51975ae41bac1d3c6e047dd9572c94863a057b4d81
  languageName: node
  linkType: hard

"resolve-from@npm:^5.0.0":
  version: 5.0.0
  resolution: "resolve-from@npm:5.0.0"
  checksum: 4ceeb9113e1b1372d0cd969f3468fa042daa1dd9527b1b6bb88acb6ab55d8b9cd65dbf18819f9f9ddf0db804990901dcdaade80a215e7b2c23daae38e64f5bdf
  languageName: node
  linkType: hard

"resolve@npm:^1.9.0":
  version: 1.22.0
  resolution: "resolve@npm:1.22.0"
  dependencies:
    is-core-module: ^2.8.1
    path-parse: ^1.0.7
    supports-preserve-symlinks-flag: ^1.0.0
  bin:
    resolve: bin/resolve
  checksum: a2d14cc437b3a23996f8c7367eee5c7cf8149c586b07ca2ae00e96581ce59455555a1190be9aa92154785cf9f2042646c200d0e00e0bbd2b8a995a93a0ed3e4e
  languageName: node
  linkType: hard

"resolve@patch:resolve@^1.9.0#~builtin<compat/resolve>":
  version: 1.22.0
  resolution: "resolve@patch:resolve@npm%3A1.22.0#~builtin<compat/resolve>::version=1.22.0&hash=07638b"
  dependencies:
    is-core-module: ^2.8.1
    path-parse: ^1.0.7
    supports-preserve-symlinks-flag: ^1.0.0
  bin:
    resolve: bin/resolve
  checksum: c79ecaea36c872ee4a79e3db0d3d4160b593f2ca16e031d8283735acd01715a203607e9ded3f91f68899c2937fa0d49390cddbe0fb2852629212f3cda283f4a7
  languageName: node
  linkType: hard

"safe-buffer@npm:^5.1.0":
  version: 5.2.1
  resolution: "safe-buffer@npm:5.2.1"
  checksum: b99c4b41fdd67a6aaf280fcd05e9ffb0813654894223afb78a31f14a19ad220bba8aba1cb14eddce1fcfb037155fe6de4e861784eb434f7d11ed58d1e70dd491
  languageName: node
  linkType: hard

"schema-utils@npm:^3.1.0, schema-utils@npm:^3.1.1":
  version: 3.1.1
  resolution: "schema-utils@npm:3.1.1"
  dependencies:
    "@types/json-schema": ^7.0.8
    ajv: ^6.12.5
    ajv-keywords: ^3.5.2
  checksum: fb73f3d759d43ba033c877628fe9751620a26879f6301d3dbeeb48cf2a65baec5cdf99da65d1bf3b4ff5444b2e59cbe4f81c2456b5e0d2ba7d7fd4aed5da29ce
  languageName: node
  linkType: hard

"semver@npm:^7.3.4":
  version: 7.3.5
  resolution: "semver@npm:7.3.5"
  dependencies:
    lru-cache: ^6.0.0
  bin:
    semver: bin/semver.js
  checksum: 5eafe6102bea2a7439897c1856362e31cc348ccf96efd455c8b5bc2c61e6f7e7b8250dc26b8828c1d76a56f818a7ee907a36ae9fb37a599d3d24609207001d60
  languageName: node
  linkType: hard

"serialize-javascript@npm:^6.0.0":
  version: 6.0.0
  resolution: "serialize-javascript@npm:6.0.0"
  dependencies:
    randombytes: ^2.1.0
  checksum: 56f90b562a1bdc92e55afb3e657c6397c01a902c588c0fe3d4c490efdcc97dcd2a3074ba12df9e94630f33a5ce5b76a74784a7041294628a6f4306e0ec84bf93
  languageName: node
  linkType: hard

"shallow-clone@npm:^3.0.0":
  version: 3.0.1
  resolution: "shallow-clone@npm:3.0.1"
  dependencies:
    kind-of: ^6.0.2
  checksum: 39b3dd9630a774aba288a680e7d2901f5c0eae7b8387fc5c8ea559918b29b3da144b7bdb990d7ccd9e11be05508ac9e459ce51d01fd65e583282f6ffafcba2e7
  languageName: node
  linkType: hard

"shebang-command@npm:^2.0.0":
  version: 2.0.0
  resolution: "shebang-command@npm:2.0.0"
  dependencies:
    shebang-regex: ^3.0.0
  checksum: 6b52fe87271c12968f6a054e60f6bde5f0f3d2db483a1e5c3e12d657c488a15474121a1d55cd958f6df026a54374ec38a4a963988c213b7570e1d51575cea7fa
  languageName: node
  linkType: hard

"shebang-regex@npm:^3.0.0":
  version: 3.0.0
  resolution: "shebang-regex@npm:3.0.0"
  checksum: 1a2bcae50de99034fcd92ad4212d8e01eedf52c7ec7830eedcf886622804fe36884278f2be8be0ea5fde3fd1c23911643a4e0f726c8685b61871c8908af01222
  languageName: node
  linkType: hard

"signal-exit@npm:^3.0.3":
  version: 3.0.7
  resolution: "signal-exit@npm:3.0.7"
  checksum: a2f098f247adc367dffc27845853e9959b9e88b01cb301658cfe4194352d8d2bb32e18467c786a7fe15f1d44b233ea35633d076d5e737870b7139949d1ab6318
  languageName: node
  linkType: hard

"source-map-support@npm:~0.5.20":
  version: 0.5.21
  resolution: "source-map-support@npm:0.5.21"
  dependencies:
    buffer-from: ^1.0.0
    source-map: ^0.6.0
  checksum: 43e98d700d79af1d36f859bdb7318e601dfc918c7ba2e98456118ebc4c4872b327773e5a1df09b0524e9e5063bb18f0934538eace60cca2710d1fa687645d137
  languageName: node
  linkType: hard

"source-map@npm:^0.6.0, source-map@npm:^0.6.1":
  version: 0.6.1
  resolution: "source-map@npm:0.6.1"
  checksum: 59ce8640cf3f3124f64ac289012c2b8bd377c238e316fb323ea22fbfe83da07d81e000071d7242cad7a23cd91c7de98e4df8830ec3f133cb6133a5f6e9f67bc2
  languageName: node
  linkType: hard

"source-map@npm:~0.7.2":
  version: 0.7.3
  resolution: "source-map@npm:0.7.3"
  checksum: cd24efb3b8fa69b64bf28e3c1b1a500de77e84260c5b7f2b873f88284df17974157cc88d386ee9b6d081f08fdd8242f3fc05c953685a6ad81aad94c7393dedea
  languageName: node
  linkType: hard

"strip-final-newline@npm:^2.0.0":
  version: 2.0.0
  resolution: "strip-final-newline@npm:2.0.0"
  checksum: 69412b5e25731e1938184b5d489c32e340605bb611d6140344abc3421b7f3c6f9984b21dff296dfcf056681b82caa3bb4cc996a965ce37bcfad663e92eae9c64
  languageName: node
  linkType: hard

"supports-color@npm:^7.1.0":
  version: 7.2.0
  resolution: "supports-color@npm:7.2.0"
  dependencies:
    has-flag: ^4.0.0
  checksum: 3dda818de06ebbe5b9653e07842d9479f3555ebc77e9a0280caf5a14fb877ffee9ed57007c3b78f5a6324b8dbeec648d9e97a24e2ed9fdb81ddc69ea07100f4a
  languageName: node
  linkType: hard

"supports-color@npm:^8.0.0":
  version: 8.1.1
  resolution: "supports-color@npm:8.1.1"
  dependencies:
    has-flag: ^4.0.0
  checksum: c052193a7e43c6cdc741eb7f378df605636e01ad434badf7324f17fb60c69a880d8d8fcdcb562cf94c2350e57b937d7425ab5b8326c67c2adc48f7c87c1db406
  languageName: node
  linkType: hard

"supports-preserve-symlinks-flag@npm:^1.0.0":
  version: 1.0.0
  resolution: "supports-preserve-symlinks-flag@npm:1.0.0"
  checksum: 53b1e247e68e05db7b3808b99b892bd36fb096e6fba213a06da7fab22045e97597db425c724f2bbd6c99a3c295e1e73f3e4de78592289f38431049e1277ca0ae
  languageName: node
  linkType: hard

"tapable@npm:^2.1.1, tapable@npm:^2.2.0":
  version: 2.2.1
  resolution: "tapable@npm:2.2.1"
  checksum: 3b7a1b4d86fa940aad46d9e73d1e8739335efd4c48322cb37d073eb6f80f5281889bf0320c6d8ffcfa1a0dd5bfdbd0f9d037e252ef972aca595330538aac4d51
  languageName: node
  linkType: hard

"terser-webpack-plugin@npm:^5.1.3":
  version: 5.3.1
  resolution: "terser-webpack-plugin@npm:5.3.1"
  dependencies:
    jest-worker: ^27.4.5
    schema-utils: ^3.1.1
    serialize-javascript: ^6.0.0
    source-map: ^0.6.1
    terser: ^5.7.2
  peerDependencies:
    webpack: ^5.1.0
  peerDependenciesMeta:
    "@swc/core":
      optional: true
    esbuild:
      optional: true
    uglify-js:
      optional: true
  checksum: 1b808fd4f58ce0b532baacc50b9a850fc69ce0077a0e9e5076d4156c52fab3d40b02d5d9148a3eba64630cf7f40057de54f6a5a87fac1849b1f11d6bfdb42072
  languageName: node
  linkType: hard

"terser@npm:^5.7.2":
  version: 5.12.0
  resolution: "terser@npm:5.12.0"
  dependencies:
    acorn: ^8.5.0
    commander: ^2.20.0
    source-map: ~0.7.2
    source-map-support: ~0.5.20
  bin:
    terser: bin/terser
  checksum: 1d0426bcb602f29cc87561feb8067b2f84d92ef954756714eeb8593cb4c69192297fd8b8a0dc6d64caedd510fb04be790a7c321ccbf67e51eaed8e9cf16d35e8
  languageName: node
  linkType: hard

"to-regex-range@npm:^5.0.1":
  version: 5.0.1
  resolution: "to-regex-range@npm:5.0.1"
  dependencies:
    is-number: ^7.0.0
  checksum: f76fa01b3d5be85db6a2a143e24df9f60dd047d151062d0ba3df62953f2f697b16fe5dad9b0ac6191c7efc7b1d9dcaa4b768174b7b29da89d4428e64bc0a20ed
  languageName: node
  linkType: hard

"ts-loader@npm:^9.2.7":
  version: 9.2.7
  resolution: "ts-loader@npm:9.2.7"
  dependencies:
    chalk: ^4.1.0
    enhanced-resolve: ^5.0.0
    micromatch: ^4.0.0
    semver: ^7.3.4
  peerDependencies:
    typescript: "*"
    webpack: ^5.0.0
  checksum: ef2c2a8e3c2d90025dae0838d20411b961a550ee6eee7fcafc5e8dbbcd8bf814d18519bb25cf0be72f483e8f5f485be9681e6d1c02392f34c2c55af8d4e70351
  languageName: node
  linkType: hard

"typescript@npm:^4.6.2":
  version: 4.6.2
  resolution: "typescript@npm:4.6.2"
  bin:
    tsc: bin/tsc
    tsserver: bin/tsserver
  checksum: 8a44ed7e6f6c4cb1ebe8cf236ecda2fb119d84dcf0fbd77e707b2dfea1bbcfc4e366493a143513ce7f57203c75da9d4e20af6fe46de89749366351046be7577c
  languageName: node
  linkType: hard

"typescript@patch:typescript@^4.6.2#~builtin<compat/typescript>":
  version: 4.6.2
  resolution: "typescript@patch:typescript@npm%3A4.6.2#~builtin<compat/typescript>::version=4.6.2&hash=7ad353"
  bin:
    tsc: bin/tsc
    tsserver: bin/tsserver
  checksum: 40b493a71747fb89fa70df104e2c4a5e284b43750af5bea024090a5261cefa387f7a9372411b13030f7bf5555cee4275443d08805642ae5c74ef76740854a4c7
  languageName: node
  linkType: hard

"uri-js@npm:^4.2.2":
  version: 4.4.1
  resolution: "uri-js@npm:4.4.1"
  dependencies:
    punycode: ^2.1.0
  checksum: 7167432de6817fe8e9e0c9684f1d2de2bb688c94388f7569f7dbdb1587c9f4ca2a77962f134ec90be0cc4d004c939ff0d05acc9f34a0db39a3c797dada262633
  languageName: node
  linkType: hard

"watchpack@npm:^2.3.1":
  version: 2.3.1
  resolution: "watchpack@npm:2.3.1"
  dependencies:
    glob-to-regexp: ^0.4.1
    graceful-fs: ^4.1.2
  checksum: 70a34f92842d94b5d842980f866d568d7a467de667c96ae5759c759f46587e49265863171f4650bdbafc5f3870a28f2b4453e9e847098ec4b718b38926d47d22
  languageName: node
  linkType: hard

"webpack-cli@npm:^4.9.2":
  version: 4.9.2
  resolution: "webpack-cli@npm:4.9.2"
  dependencies:
    "@discoveryjs/json-ext": ^0.5.0
    "@webpack-cli/configtest": ^1.1.1
    "@webpack-cli/info": ^1.4.1
    "@webpack-cli/serve": ^1.6.1
    colorette: ^2.0.14
    commander: ^7.0.0
    execa: ^5.0.0
    fastest-levenshtein: ^1.0.12
    import-local: ^3.0.2
    interpret: ^2.2.0
    rechoir: ^0.7.0
    webpack-merge: ^5.7.3
  peerDependencies:
    webpack: 4.x.x || 5.x.x
  peerDependenciesMeta:
    "@webpack-cli/generators":
      optional: true
    "@webpack-cli/migrate":
      optional: true
    webpack-bundle-analyzer:
      optional: true
    webpack-dev-server:
      optional: true
  bin:
    webpack-cli: bin/cli.js
  checksum: ffb4c5d53ab65ce9f1e8efd34fca4cb858ec6afc91ece0d9375094edff2e7615708c8a586991057fd9cc8d37aab0eb0511913b178daac534e51bcf7d3583e61c
  languageName: node
  linkType: hard

"webpack-merge@npm:^5.7.3":
  version: 5.8.0
  resolution: "webpack-merge@npm:5.8.0"
  dependencies:
    clone-deep: ^4.0.1
    wildcard: ^2.0.0
  checksum: 88786ab91013f1bd2a683834ff381be81c245a4b0f63304a5103e90f6653f44dab496a0768287f8531761f8ad957d1f9f3ccb2cb55df0de1bd9ee343e079da26
  languageName: node
  linkType: hard

"webpack-sources@npm:^3.2.3":
  version: 3.2.3
  resolution: "webpack-sources@npm:3.2.3"
  checksum: 989e401b9fe3536529e2a99dac8c1bdc50e3a0a2c8669cbafad31271eadd994bc9405f88a3039cd2e29db5e6d9d0926ceb7a1a4e7409ece021fe79c37d9c4607
  languageName: node
  linkType: hard

"webpack@npm:^5.70.0":
  version: 5.70.0
  resolution: "webpack@npm:5.70.0"
  dependencies:
    "@types/eslint-scope": ^3.7.3
    "@types/estree": ^0.0.51
    "@webassemblyjs/ast": 1.11.1
    "@webassemblyjs/wasm-edit": 1.11.1
    "@webassemblyjs/wasm-parser": 1.11.1
    acorn: ^8.4.1
    acorn-import-assertions: ^1.7.6
    browserslist: ^4.14.5
    chrome-trace-event: ^1.0.2
    enhanced-resolve: ^5.9.2
    es-module-lexer: ^0.9.0
    eslint-scope: 5.1.1
    events: ^3.2.0
    glob-to-regexp: ^0.4.1
    graceful-fs: ^4.2.9
    json-parse-better-errors: ^1.0.2
    loader-runner: ^4.2.0
    mime-types: ^2.1.27
    neo-async: ^2.6.2
    schema-utils: ^3.1.0
    tapable: ^2.1.1
    terser-webpack-plugin: ^5.1.3
    watchpack: ^2.3.1
    webpack-sources: ^3.2.3
  peerDependenciesMeta:
    webpack-cli:
      optional: true
  bin:
    webpack: bin/webpack.js
  checksum: 00439884a9cdd5305aed3ce93735635785a15c5464a6d2cfce87e17727a07585de02420913e82aa85ddd2ae7322175d2cfda6ac0878a17f061cb605e6a7db57a
  languageName: node
  linkType: hard

"which@npm:^2.0.1":
  version: 2.0.2
  resolution: "which@npm:2.0.2"
  dependencies:
    isexe: ^2.0.0
  bin:
    node-which: ./bin/node-which
  checksum: 1a5c563d3c1b52d5f893c8b61afe11abc3bab4afac492e8da5bde69d550de701cf9806235f20a47b5c8fa8a1d6a9135841de2596535e998027a54589000e66d1
  languageName: node
  linkType: hard

"wildcard@npm:^2.0.0":
  version: 2.0.0
  resolution: "wildcard@npm:2.0.0"
  checksum: 1f4fe4c03dfc492777c60f795bbba597ac78794f1b650d68f398fbee9adb765367c516ebd4220889b6a81e9626e7228bbe0d66237abb311573c2ee1f4902a5ad
  languageName: node
  linkType: hard

"workers-preview@npm:^1.0.6":
  version: 1.0.6
  resolution: "workers-preview@npm:1.0.6"
  dependencies:
    opn: ^5.3.0
  bin:
    workers-preview: bin/workers-preview.js
  checksum: 697de92c46805668143c423e64d6cc47b055aef7b667794ee1f54fed921b62a3da8c8ec9c3b13c6f1ceae7d26872038b37384a7baaa38329402bd0035163f363
  languageName: node
  linkType: hard

"yallist@npm:^4.0.0":
  version: 4.0.0
  resolution: "yallist@npm:4.0.0"
  checksum: 343617202af32df2a15a3be36a5a8c0c8545208f3d3dfbc6bb7c3e3b7e8c6f8e7485432e4f3b88da3031a6e20afa7c711eded32ddfb122896ac5d914e75848d5
  languageName: node
  linkType: hard
