# THIS IS AN AUTOGENERATED FILE. DO NOT EDIT THIS FILE DIRECTLY.
# yarn lockfile v1


accept-language-parser@^1.5.0:
  version "1.5.0"
  resolved "https://registry.yarnpkg.com/accept-language-parser/-/accept-language-parser-1.5.0.tgz#8877c54040a8dcb59e0a07d9c1fde42298334791"
  integrity sha512-QhyTbMLYo0BBGg1aWbeMG4ekWtds/31BrEU+DONOg/7ax23vxpL03Pb7/zBmha2v7vdD3AyzZVWBVGEZxKOXWw==

cookie@^0.7.0:
  version "0.7.0"
  resolved "https://registry.yarnpkg.com/cookie/-/cookie-0.7.0.tgz#2148f68a77245d5c2c0005d264bc3e08cfa0655d"
  integrity sha512-qCf+V4dtlNhSRXGAZatc1TasyFO6GjohcOul807YOb5ik3+kQSnb4d7iajeCL8QHaJ4uZEjCgiCJerKXwdRVlQ==
