# This file is generated by running "yarn install" inside your project.
# Manual changes might be lost - proceed with caution!

__metadata:
  version: 6
  cacheKey: 8

"@yari-internal/slug-utils@workspace:.":
  version: 0.0.0-use.local
  resolution: "@yari-internal/slug-utils@workspace:."
  dependencies:
    sanitize-filename: ^1.6.3
  languageName: unknown
  linkType: soft

"sanitize-filename@npm:^1.6.3":
  version: 1.6.3
  resolution: "sanitize-filename@npm:1.6.3"
  dependencies:
    truncate-utf8-bytes: ^1.0.0
  checksum: aa733c012b7823cf65730603cf3b503c641cee6b239771d3164ca482f22d81a50e434a713938d994071db18e4202625669cc56bccc9d13d818b4c983b5f47fde
  languageName: node
  linkType: hard

"truncate-utf8-bytes@npm:^1.0.0":
  version: 1.0.2
  resolution: "truncate-utf8-bytes@npm:1.0.2"
  dependencies:
    utf8-byte-length: ^1.0.1
  checksum: ad097314709ea98444ad9c80c03aac8da805b894f37ceb5685c49ad297483afe3a5ec9572ebcaff699dda72b6cd447a2ba2a3fd10e96c2628cd16d94abeb328a
  languageName: node
  linkType: hard

"utf8-byte-length@npm:^1.0.1":
  version: 1.0.4
  resolution: "utf8-byte-length@npm:1.0.4"
  checksum: f188ca076ec094d58e7009fcc32623c5830c7f0f3e15802bfa4fdd1e759454a481fc4ac05e0fa83b7736e77af628a9ee0e57dcc89683d688fde3811473e42143
  languageName: node
  linkType: hard
