{
  "name": "@yari-internal/content-origin-response",
  "version": "0.0.1",
  "lockfileVersion": 2,
  "requires": true,
  "packages": {
    "": {
      "name": "@yari-internal/content-origin-response",
      "version": "0.0.1",
      "license": "MPL-2.0",
      "dependencies": {
        "@yari-internal/constants": "file:../../../libs/constants"
      },
      "engines": {
        "node": ">=16.x"
      }
    },
    "../../../libs/constants": {
      "name": "@yari-internal/constants",
      "version": "0.0.1",
      "license": "MPL-2.0"
    },
    "node_modules/@yari-internal/constants": {
      "resolved": "../../../libs/constants",
      "link": true
    }
  },
  "dependencies": {
    "@yari-internal/constants": {
      "version": "file:../../../libs/constants"
    }
  }
}
