# This file is generated by running "yarn install" inside your project.
# Manual changes might be lost - proceed with caution!

__metadata:
  version: 6
  cacheKey: 8

"@yari-internal/constants@file:../../../libs/constants::locator=%40yari-internal%2Fcontent-origin-response%40workspace%3A.":
  version: 0.0.1
  resolution: "@yari-internal/constants@file:../../../libs/constants#../../../libs/constants::hash=f91892&locator=%40yari-internal%2Fcontent-origin-response%40workspace%3A."
  checksum: ddf15b76f7a3e5e8bc64d19aebb9c132e273f8cb2d9b3477fdebb499b060c71deff86b0ca1e242a8c582caf2e7e3b79583d8a22130b6777341bd36067b35d2fc
  languageName: node
  linkType: hard

"@yari-internal/content-origin-response@workspace:.":
  version: 0.0.0-use.local
  resolution: "@yari-internal/content-origin-response@workspace:."
  dependencies:
    "@yari-internal/constants": "file:../../../libs/constants"
  languageName: unknown
  linkType: soft
