# This file is generated by running "yarn install" inside your project.
# Manual changes might be lost - proceed with caution!

__metadata:
  version: 6

"@yari-internal/constants@portal:../../../libs/constants::locator=%40yari-internal%2Fcontent-origin-response%40workspace%3A.":
  version: 0.0.0-use.local
  resolution: "@yari-internal/constants@portal:../../../libs/constants::locator=%40yari-internal%2Fcontent-origin-response%40workspace%3A."
  languageName: node
  linkType: soft

"@yari-internal/content-origin-response@workspace:.":
  version: 0.0.0-use.local
  resolution: "@yari-internal/content-origin-response@workspace:."
  dependencies:
    "@yari-internal/constants": "portal:../../../libs/constants"
  languageName: unknown
  linkType: soft
